
Microsoft Visual Studio Solution File, Format Version 12.00
# Visual Studio Version 17
VisualStudioVersion = 17.6.33829.357
MinimumVisualStudioVersion = 10.0.40219.1
Project("{FAE04EC0-301F-11D3-BF4B-00C04F79EFBC}") = "Soup_Backend", "Soup_Backend.csproj", "{9E3D8313-47CE-4D17-A5FF-06B046EF8EF8}"
EndProject
Global
	GlobalSection(SolutionConfigurationPlatforms) = preSolution
		Debug|Any CPU = Debug|Any CPU
		Release|Any CPU = Release|Any CPU
	EndGlobalSection
	GlobalSection(ProjectConfigurationPlatforms) = postSolution
		{9E3D8313-47CE-4D17-A5FF-06B046EF8EF8}.Debug|Any CPU.ActiveCfg = Debug|Any CPU
		{9E3D8313-47CE-4D17-A5FF-06B046EF8EF8}.Debug|Any CPU.Build.0 = Debug|Any CPU
		{9E3D8313-47CE-4D17-A5FF-06B046EF8EF8}.Release|Any CPU.ActiveCfg = Release|Any CPU
		{9E3D8313-47CE-4D17-A5FF-06B046EF8EF8}.Release|Any CPU.Build.0 = Release|Any CPU
	EndGlobalSection
	GlobalSection(SolutionProperties) = preSolution
		HideSolutionNode = FALSE
	EndGlobalSection
	GlobalSection(ExtensibilityGlobals) = postSolution
		SolutionGuid = {49EE0781-EA4C-4CC3-BD99-2BC25909E95C}
	EndGlobalSection
EndGlobal
